// !$*UTF8*$!
{
	archiveVersion = 1;
	classes = {
	};
	objectVersion = 46;
	objects = {

/* Begin PBXBuildFile section */
		1610CBBA18F0A07D00093FAB /* dropboxImage.png in Resources */ = {isa = PBXBuildFile; fileRef = 1610CBB918F0A07D00093FAB /* dropboxImage.png */; };
		16271CF518EFE87700F46630 /* OpenALSupport.c in Sources */ = {isa = PBXBuildFile; fileRef = 16271CF118EFE87700F46630 /* OpenALSupport.c */; };
		16271CF618EFE87700F46630 /* SoundBankPlayer.m in Sources */ = {isa = PBXBuildFile; fileRef = 16271CF418EFE87700F46630 /* SoundBankPlayer.m */; };
		16271CF818EFEB9A00F46630 /* OpenAL.framework in Frameworks */ = {isa = PBXBuildFile; fileRef = 16271CF718EFEB9A00F46630 /* OpenAL.framework */; };
		16271D0F18EFEBFB00F46630 /* P200 Piano A#2.caf in Resources */ = {isa = PBXBuildFile; fileRef = 16271CFA18EFEBFB00F46630 /* P200 Piano A#2.caf */; };
		16271D1018EFEBFB00F46630 /* P200 Piano A#3.caf in Resources */ = {isa = PBXBuildFile; fileRef = 16271CFB18EFEBFB00F46630 /* P200 Piano A#3.caf */; };
		16271D1118EFEBFB00F46630 /* P200 Piano A#4.caf in Resources */ = {isa = PBXBuildFile; fileRef = 16271CFC18EFEBFB00F46630 /* P200 Piano A#4.caf */; };
		16271D1218EFEBFB00F46630 /* P200 Piano A#5.caf in Resources */ = {isa = PBXBuildFile; fileRef = 16271CFD18EFEBFB00F46630 /* P200 Piano A#5.caf */; };
		16271D1318EFEBFB00F46630 /* P200 Piano A#7.caf in Resources */ = {isa = PBXBuildFile; fileRef = 16271CFE18EFEBFB00F46630 /* P200 Piano A#7.caf */; };
		16271D1418EFEBFB00F46630 /* P200 Piano C10.caf in Resources */ = {isa = PBXBuildFile; fileRef = 16271CFF18EFEBFB00F46630 /* P200 Piano C10.caf */; };
		16271D1518EFEBFB00F46630 /* P200 Piano C7.caf in Resources */ = {isa = PBXBuildFile; fileRef = 16271D0018EFEBFB00F46630 /* P200 Piano C7.caf */; };
		16271D1618EFEBFB00F46630 /* P200 Piano D#8.caf in Resources */ = {isa = PBXBuildFile; fileRef = 16271D0118EFEBFB00F46630 /* P200 Piano D#8.caf */; };
		16271D1718EFEBFB00F46630 /* P200 Piano D2.caf in Resources */ = {isa = PBXBuildFile; fileRef = 16271D0218EFEBFB00F46630 /* P200 Piano D2.caf */; };
		16271D1818EFEBFB00F46630 /* P200 Piano D3.caf in Resources */ = {isa = PBXBuildFile; fileRef = 16271D0318EFEBFB00F46630 /* P200 Piano D3.caf */; };
		16271D1918EFEBFB00F46630 /* P200 Piano D4.caf in Resources */ = {isa = PBXBuildFile; fileRef = 16271D0418EFEBFB00F46630 /* P200 Piano D4.caf */; };
		16271D1A18EFEBFB00F46630 /* P200 Piano D5.caf in Resources */ = {isa = PBXBuildFile; fileRef = 16271D0518EFEBFB00F46630 /* P200 Piano D5.caf */; };
		16271D1B18EFEBFB00F46630 /* P200 Piano D6.caf in Resources */ = {isa = PBXBuildFile; fileRef = 16271D0618EFEBFB00F46630 /* P200 Piano D6.caf */; };
		16271D1C18EFEBFB00F46630 /* P200 Piano F#2.caf in Resources */ = {isa = PBXBuildFile; fileRef = 16271D0718EFEBFB00F46630 /* P200 Piano F#2.caf */; };
		16271D1D18EFEBFB00F46630 /* P200 Piano F#3.caf in Resources */ = {isa = PBXBuildFile; fileRef = 16271D0818EFEBFB00F46630 /* P200 Piano F#3.caf */; };
		16271D1E18EFEBFB00F46630 /* P200 Piano F#4.caf in Resources */ = {isa = PBXBuildFile; fileRef = 16271D0918EFEBFB00F46630 /* P200 Piano F#4.caf */; };
		16271D1F18EFEBFB00F46630 /* P200 Piano F#5.caf in Resources */ = {isa = PBXBuildFile; fileRef = 16271D0A18EFEBFB00F46630 /* P200 Piano F#5.caf */; };
		16271D2018EFEBFB00F46630 /* P200 Piano F#6.caf in Resources */ = {isa = PBXBuildFile; fileRef = 16271D0B18EFEBFB00F46630 /* P200 Piano F#6.caf */; };
		16271D2118EFEBFB00F46630 /* P200 Piano F#7.caf in Resources */ = {isa = PBXBuildFile; fileRef = 16271D0C18EFEBFB00F46630 /* P200 Piano F#7.caf */; };
		16271D2218EFEBFB00F46630 /* P200 Piano G#9.caf in Resources */ = {isa = PBXBuildFile; fileRef = 16271D0D18EFEBFB00F46630 /* P200 Piano G#9.caf */; };
		16271D2318EFEBFB00F46630 /* Piano.plist in Resources */ = {isa = PBXBuildFile; fileRef = 16271D0E18EFEBFB00F46630 /* Piano.plist */; };
		1632116D18DFEBBD00FA527C /* DropBoxController.m in Sources */ = {isa = PBXBuildFile; fileRef = 1632116C18DFEBBD00FA527C /* DropBoxController.m */; };
		1632116F18DFF24C00FA527C /* Accelerate.framework in Frameworks */ = {isa = PBXBuildFile; fileRef = 1632116E18DFF24C00FA527C /* Accelerate.framework */; };
		1632117118DFF25D00FA527C /* AudioToolbox.framework in Frameworks */ = {isa = PBXBuildFile; fileRef = 1632117018DFF25D00FA527C /* AudioToolbox.framework */; };
		164D46C118E233B300B3E28E /* AVFoundation.framework in Frameworks */ = {isa = PBXBuildFile; fileRef = 1632117418DFF27A00FA527C /* AVFoundation.framework */; };
		1658C00B18E3867F0046E358 /* DropBoxSaveGraphController.m in Sources */ = {isa = PBXBuildFile; fileRef = 1658C00A18E3867E0046E358 /* DropBoxSaveGraphController.m */; };
		1675AE1018EDECEC0023D7B8 /* VoiceOverHelper.m in Sources */ = {isa = PBXBuildFile; fileRef = 1675AE0F18EDECEC0023D7B8 /* VoiceOverHelper.m */; };
		169917F018DD7B380045F367 /* DBChooser.framework in Frameworks */ = {isa = PBXBuildFile; fileRef = 169917EF18DD7B380045F367 /* DBChooser.framework */; };
		169917F518DD81830045F367 /* CHCSVParser.m in Sources */ = {isa = PBXBuildFile; fileRef = 169917F418DD81830045F367 /* CHCSVParser.m */; };
		169917FB18DEB1930045F367 /* TestParabola.csv in Resources */ = {isa = PBXBuildFile; fileRef = 169917FA18DEB1920045F367 /* TestParabola.csv */; };
		169917FE18DEB5080045F367 /* GraphViewController.m in Sources */ = {isa = PBXBuildFile; fileRef = 169917FD18DEB5080045F367 /* GraphViewController.m */; };
		1699185A18DECA2B0045F367 /* libCorePlot-CocoaTouch.a in Frameworks */ = {isa = PBXBuildFile; fileRef = 1699185918DECA2B0045F367 /* libCorePlot-CocoaTouch.a */; };
		1699185E18DECB700045F367 /* QuartzCore.framework in Frameworks */ = {isa = PBXBuildFile; fileRef = 1699185D18DECB700045F367 /* QuartzCore.framework */; };
		169918A518DFCF770045F367 /* ScatterPlotGraph.m in Sources */ = {isa = PBXBuildFile; fileRef = 169918A418DFCF770045F367 /* ScatterPlotGraph.m */; };
		169918A818DFD4330045F367 /* BarGraph.m in Sources */ = {isa = PBXBuildFile; fileRef = 169918A718DFD4330045F367 /* BarGraph.m */; };
		169918AB18DFD4450045F367 /* PieGraph.m in Sources */ = {isa = PBXBuildFile; fileRef = 169918AA18DFD4450045F367 /* PieGraph.m */; };
		16C629D918DBE99A0068C306 /* Foundation.framework in Frameworks */ = {isa = PBXBuildFile; fileRef = 16C629D818DBE99A0068C306 /* Foundation.framework */; };
		16C629DB18DBE99A0068C306 /* CoreGraphics.framework in Frameworks */ = {isa = PBXBuildFile; fileRef = 16C629DA18DBE99A0068C306 /* CoreGraphics.framework */; };
		16C629DD18DBE99A0068C306 /* UIKit.framework in Frameworks */ = {isa = PBXBuildFile; fileRef = 16C629DC18DBE99A0068C306 /* UIKit.framework */; };
		16C629E318DBE99A0068C306 /* InfoPlist.strings in Resources */ = {isa = PBXBuildFile; fileRef = 16C629E118DBE99A0068C306 /* InfoPlist.strings */; };
		16C629E518DBE99A0068C306 /* main.m in Sources */ = {isa = PBXBuildFile; fileRef = 16C629E418DBE99A0068C306 /* main.m */; };
		16C629E918DBE99A0068C306 /* AppDelegate.m in Sources */ = {isa = PBXBuildFile; fileRef = 16C629E818DBE99A0068C306 /* AppDelegate.m */; };
		16C629EC18DBE99A0068C306 /* Main.storyboard in Resources */ = {isa = PBXBuildFile; fileRef = 16C629EA18DBE99A0068C306 /* Main.storyboard */; };
		16C629F118DBE99B0068C306 /* Images.xcassets in Resources */ = {isa = PBXBuildFile; fileRef = 16C629F018DBE99B0068C306 /* Images.xcassets */; };
		16C629F818DBE99B0068C306 /* XCTest.framework in Frameworks */ = {isa = PBXBuildFile; fileRef = 16C629F718DBE99B0068C306 /* XCTest.framework */; };
		16C629F918DBE99B0068C306 /* Foundation.framework in Frameworks */ = {isa = PBXBuildFile; fileRef = 16C629D818DBE99A0068C306 /* Foundation.framework */; };
		16C629FA18DBE99B0068C306 /* UIKit.framework in Frameworks */ = {isa = PBXBuildFile; fileRef = 16C629DC18DBE99A0068C306 /* UIKit.framework */; };
		16C62A0218DBE99B0068C306 /* InfoPlist.strings in Resources */ = {isa = PBXBuildFile; fileRef = 16C62A0018DBE99B0068C306 /* InfoPlist.strings */; };
		16C62A0418DBE99B0068C306 /* GrapherTests.m in Sources */ = {isa = PBXBuildFile; fileRef = 16C62A0318DBE99B0068C306 /* GrapherTests.m */; };
/* End PBXBuildFile section */

/* Begin PBXContainerItemProxy section */
		16C629FB18DBE99B0068C306 /* PBXContainerItemProxy */ = {
			isa = PBXContainerItemProxy;
			containerPortal = 16C629CD18DBE99A0068C306 /* Project object */;
			proxyType = 1;
			remoteGlobalIDString = 16C629D418DBE99A0068C306;
			remoteInfo = Grapher;
		};
/* End PBXContainerItemProxy section */

/* Begin PBXFileReference section */
		1610CBB918F0A07D00093FAB /* dropboxImage.png */ = {isa = PBXFileReference; lastKnownFileType = image.png; name = dropboxImage.png; path = Resources/dropboxImage.png; sourceTree = SOURCE_ROOT; };
		16271CF118EFE87700F46630 /* OpenALSupport.c */ = {isa = PBXFileReference; fileEncoding = 4; lastKnownFileType = sourcecode.c.c; name = OpenALSupport.c; path = Grapher/OpenALSupport.c; sourceTree = "<group>"; };
		16271CF218EFE87700F46630 /* OpenALSupport.h */ = {isa = PBXFileReference; fileEncoding = 4; lastKnownFileType = sourcecode.c.h; name = OpenALSupport.h; path = Grapher/OpenALSupport.h; sourceTree = "<group>"; };
		16271CF318EFE87700F46630 /* SoundBankPlayer.h */ = {isa = PBXFileReference; fileEncoding = 4; lastKnownFileType = sourcecode.c.h; name = SoundBankPlayer.h; path = Grapher/SoundBankPlayer.h; sourceTree = "<group>"; };
		16271CF418EFE87700F46630 /* SoundBankPlayer.m */ = {isa = PBXFileReference; fileEncoding = 4; lastKnownFileType = sourcecode.c.objc; name = SoundBankPlayer.m; path = Grapher/SoundBankPlayer.m; sourceTree = "<group>"; };
		16271CF718EFEB9A00F46630 /* OpenAL.framework */ = {isa = PBXFileReference; lastKnownFileType = wrapper.framework; name = OpenAL.framework; path = System/Library/Frameworks/OpenAL.framework; sourceTree = SDKROOT; };
		16271CFA18EFEBFB00F46630 /* P200 Piano A#2.caf */ = {isa = PBXFileReference; lastKnownFileType = file; path = "P200 Piano A#2.caf"; sourceTree = "<group>"; };
		16271CFB18EFEBFB00F46630 /* P200 Piano A#3.caf */ = {isa = PBXFileReference; lastKnownFileType = file; path = "P200 Piano A#3.caf"; sourceTree = "<group>"; };
		16271CFC18EFEBFB00F46630 /* P200 Piano A#4.caf */ = {isa = PBXFileReference; lastKnownFileType = file; path = "P200 Piano A#4.caf"; sourceTree = "<group>"; };
		16271CFD18EFEBFB00F46630 /* P200 Piano A#5.caf */ = {isa = PBXFileReference; lastKnownFileType = file; path = "P200 Piano A#5.caf"; sourceTree = "<group>"; };
		16271CFE18EFEBFB00F46630 /* P200 Piano A#7.caf */ = {isa = PBXFileReference; lastKnownFileType = file; path = "P200 Piano A#7.caf"; sourceTree = "<group>"; };
		16271CFF18EFEBFB00F46630 /* P200 Piano C10.caf */ = {isa = PBXFileReference; lastKnownFileType = file; path = "P200 Piano C10.caf"; sourceTree = "<group>"; };
		16271D0018EFEBFB00F46630 /* P200 Piano C7.caf */ = {isa = PBXFileReference; lastKnownFileType = file; path = "P200 Piano C7.caf"; sourceTree = "<group>"; };
		16271D0118EFEBFB00F46630 /* P200 Piano D#8.caf */ = {isa = PBXFileReference; lastKnownFileType = file; path = "P200 Piano D#8.caf"; sourceTree = "<group>"; };
		16271D0218EFEBFB00F46630 /* P200 Piano D2.caf */ = {isa = PBXFileReference; lastKnownFileType = file; path = "P200 Piano D2.caf"; sourceTree = "<group>"; };
		16271D0318EFEBFB00F46630 /* P200 Piano D3.caf */ = {isa = PBXFileReference; lastKnownFileType = file; path = "P200 Piano D3.caf"; sourceTree = "<group>"; };
		16271D0418EFEBFB00F46630 /* P200 Piano D4.caf */ = {isa = PBXFileReference; lastKnownFileType = file; path = "P200 Piano D4.caf"; sourceTree = "<group>"; };
		16271D0518EFEBFB00F46630 /* P200 Piano D5.caf */ = {isa = PBXFileReference; lastKnownFileType = file; path = "P200 Piano D5.caf"; sourceTree = "<group>"; };
		16271D0618EFEBFB00F46630 /* P200 Piano D6.caf */ = {isa = PBXFileReference; lastKnownFileType = file; path = "P200 Piano D6.caf"; sourceTree = "<group>"; };
		16271D0718EFEBFB00F46630 /* P200 Piano F#2.caf */ = {isa = PBXFileReference; lastKnownFileType = file; path = "P200 Piano F#2.caf"; sourceTree = "<group>"; };
		16271D0818EFEBFB00F46630 /* P200 Piano F#3.caf */ = {isa = PBXFileReference; lastKnownFileType = file; path = "P200 Piano F#3.caf"; sourceTree = "<group>"; };
		16271D0918EFEBFB00F46630 /* P200 Piano F#4.caf */ = {isa = PBXFileReference; lastKnownFileType = file; path = "P200 Piano F#4.caf"; sourceTree = "<group>"; };
		16271D0A18EFEBFB00F46630 /* P200 Piano F#5.caf */ = {isa = PBXFileReference; lastKnownFileType = file; path = "P200 Piano F#5.caf"; sourceTree = "<group>"; };
		16271D0B18EFEBFB00F46630 /* P200 Piano F#6.caf */ = {isa = PBXFileReference; lastKnownFileType = file; path = "P200 Piano F#6.caf"; sourceTree = "<group>"; };
		16271D0C18EFEBFB00F46630 /* P200 Piano F#7.caf */ = {isa = PBXFileReference; lastKnownFileType = file; path = "P200 Piano F#7.caf"; sourceTree = "<group>"; };
		16271D0D18EFEBFB00F46630 /* P200 Piano G#9.caf */ = {isa = PBXFileReference; lastKnownFileType = file; path = "P200 Piano G#9.caf"; sourceTree = "<group>"; };
		16271D0E18EFEBFB00F46630 /* Piano.plist */ = {isa = PBXFileReference; fileEncoding = 4; lastKnownFileType = text.plist.xml; path = Piano.plist; sourceTree = "<group>"; };
		1632116B18DFEBBD00FA527C /* DropBoxController.h */ = {isa = PBXFileReference; fileEncoding = 4; lastKnownFileType = sourcecode.c.h; path = DropBoxController.h; sourceTree = "<group>"; };
		1632116C18DFEBBD00FA527C /* DropBoxController.m */ = {isa = PBXFileReference; fileEncoding = 4; lastKnownFileType = sourcecode.c.objc; path = DropBoxController.m; sourceTree = "<group>"; };
		1632116E18DFF24C00FA527C /* Accelerate.framework */ = {isa = PBXFileReference; lastKnownFileType = wrapper.framework; name = Accelerate.framework; path = System/Library/Frameworks/Accelerate.framework; sourceTree = SDKROOT; };
		1632117018DFF25D00FA527C /* AudioToolbox.framework */ = {isa = PBXFileReference; lastKnownFileType = wrapper.framework; name = AudioToolbox.framework; path = System/Library/Frameworks/AudioToolbox.framework; sourceTree = SDKROOT; };
		1632117218DFF26B00FA527C /* CoreAudio.framework */ = {isa = PBXFileReference; lastKnownFileType = wrapper.framework; name = CoreAudio.framework; path = System/Library/Frameworks/CoreAudio.framework; sourceTree = SDKROOT; };
		1632117418DFF27A00FA527C /* AVFoundation.framework */ = {isa = PBXFileReference; lastKnownFileType = wrapper.framework; name = AVFoundation.framework; path = System/Library/Frameworks/AVFoundation.framework; sourceTree = SDKROOT; };
		1632117618DFF28300FA527C /* CoreMedia.framework */ = {isa = PBXFileReference; lastKnownFileType = wrapper.framework; name = CoreMedia.framework; path = System/Library/Frameworks/CoreMedia.framework; sourceTree = SDKROOT; };
		1632117818DFF28A00FA527C /* MediaPlayer.framework */ = {isa = PBXFileReference; lastKnownFileType = wrapper.framework; name = MediaPlayer.framework; path = System/Library/Frameworks/MediaPlayer.framework; sourceTree = SDKROOT; };
		1658C00918E3867E0046E358 /* DropBoxSaveGraphController.h */ = {isa = PBXFileReference; fileEncoding = 4; lastKnownFileType = sourcecode.c.h; path = DropBoxSaveGraphController.h; sourceTree = "<group>"; };
		1658C00A18E3867E0046E358 /* DropBoxSaveGraphController.m */ = {isa = PBXFileReference; fileEncoding = 4; lastKnownFileType = sourcecode.c.objc; path = DropBoxSaveGraphController.m; sourceTree = "<group>"; };
		1675AE0E18EDECEC0023D7B8 /* VoiceOverHelper.h */ = {isa = PBXFileReference; fileEncoding = 4; lastKnownFileType = sourcecode.c.h; path = VoiceOverHelper.h; sourceTree = "<group>"; };
		1675AE0F18EDECEC0023D7B8 /* VoiceOverHelper.m */ = {isa = PBXFileReference; fileEncoding = 4; lastKnownFileType = sourcecode.c.objc; path = VoiceOverHelper.m; sourceTree = "<group>"; };
		169917EF18DD7B380045F367 /* DBChooser.framework */ = {isa = PBXFileReference; lastKnownFileType = wrapper.framework; name = DBChooser.framework; path = Resources/DBChooser.framework; sourceTree = "<group>"; };
		169917F118DD7B560045F367 /* DBChooser.bundle */ = {isa = PBXFileReference; lastKnownFileType = "wrapper.plug-in"; name = DBChooser.bundle; path = Resources/DBChooser.bundle; sourceTree = "<group>"; };
		169917F318DD81830045F367 /* CHCSVParser.h */ = {isa = PBXFileReference; fileEncoding = 4; lastKnownFileType = sourcecode.c.h; path = CHCSVParser.h; sourceTree = "<group>"; };
		169917F418DD81830045F367 /* CHCSVParser.m */ = {isa = PBXFileReference; fileEncoding = 4; lastKnownFileType = sourcecode.c.objc; path = CHCSVParser.m; sourceTree = "<group>"; };
		169917FA18DEB1920045F367 /* TestParabola.csv */ = {isa = PBXFileReference; fileEncoding = 4; lastKnownFileType = text; path = TestParabola.csv; sourceTree = "<group>"; };
		169917FC18DEB5080045F367 /* GraphViewController.h */ = {isa = PBXFileReference; fileEncoding = 4; lastKnownFileType = sourcecode.c.h; path = GraphViewController.h; sourceTree = "<group>"; };
		169917FD18DEB5080045F367 /* GraphViewController.m */ = {isa = PBXFileReference; fileEncoding = 4; lastKnownFileType = sourcecode.c.objc; path = GraphViewController.m; sourceTree = "<group>"; };
		1699180B18DECA2B0045F367 /* CorePlot-CocoaTouch.h */ = {isa = PBXFileReference; fileEncoding = 4; lastKnownFileType = sourcecode.c.h; path = "CorePlot-CocoaTouch.h"; sourceTree = "<group>"; };
		1699180C18DECA2B0045F367 /* CPTAnimation.h */ = {isa = PBXFileReference; fileEncoding = 4; lastKnownFileType = sourcecode.c.h; path = CPTAnimation.h; sourceTree = "<group>"; };
		1699180D18DECA2B0045F367 /* CPTAnimationOperation.h */ = {isa = PBXFileReference; fileEncoding = 4; lastKnownFileType = sourcecode.c.h; path = CPTAnimationOperation.h; sourceTree = "<group>"; };
		1699180E18DECA2B0045F367 /* CPTAnimationPeriod.h */ = {isa = PBXFileReference; fileEncoding = 4; lastKnownFileType = sourcecode.c.h; path = CPTAnimationPeriod.h; sourceTree = "<group>"; };
		1699180F18DECA2B0045F367 /* CPTAnnotation.h */ = {isa = PBXFileReference; fileEncoding = 4; lastKnownFileType = sourcecode.c.h; path = CPTAnnotation.h; sourceTree = "<group>"; };
		1699181018DECA2B0045F367 /* CPTAnnotationHostLayer.h */ = {isa = PBXFileReference; fileEncoding = 4; lastKnownFileType = sourcecode.c.h; path = CPTAnnotationHostLayer.h; sourceTree = "<group>"; };
		1699181118DECA2B0045F367 /* CPTAxis.h */ = {isa = PBXFileReference; fileEncoding = 4; lastKnownFileType = sourcecode.c.h; path = CPTAxis.h; sourceTree = "<group>"; };
		1699181218DECA2B0045F367 /* CPTAxisLabel.h */ = {isa = PBXFileReference; fileEncoding = 4; lastKnownFileType = sourcecode.c.h; path = CPTAxisLabel.h; sourceTree = "<group>"; };
		1699181318DECA2B0045F367 /* CPTAxisLabelGroup.h */ = {isa = PBXFileReference; fileEncoding = 4; lastKnownFileType = sourcecode.c.h; path = CPTAxisLabelGroup.h; sourceTree = "<group>"; };
		1699181418DECA2B0045F367 /* CPTAxisSet.h */ = {isa = PBXFileReference; fileEncoding = 4; lastKnownFileType = sourcecode.c.h; path = CPTAxisSet.h; sourceTree = "<group>"; };
		1699181518DECA2B0045F367 /* CPTAxisTitle.h */ = {isa = PBXFileReference; fileEncoding = 4; lastKnownFileType = sourcecode.c.h; path = CPTAxisTitle.h; sourceTree = "<group>"; };
		1699181618DECA2B0045F367 /* CPTBarPlot.h */ = {isa = PBXFileReference; fileEncoding = 4; lastKnownFileType = sourcecode.c.h; path = CPTBarPlot.h; sourceTree = "<group>"; };
		1699181718DECA2B0045F367 /* CPTBorderedLayer.h */ = {isa = PBXFileReference; fileEncoding = 4; lastKnownFileType = sourcecode.c.h; path = CPTBorderedLayer.h; sourceTree = "<group>"; };
		1699181818DECA2B0045F367 /* CPTCalendarFormatter.h */ = {isa = PBXFileReference; fileEncoding = 4; lastKnownFileType = sourcecode.c.h; path = CPTCalendarFormatter.h; sourceTree = "<group>"; };
		1699181918DECA2B0045F367 /* CPTColor.h */ = {isa = PBXFileReference; fileEncoding = 4; lastKnownFileType = sourcecode.c.h; path = CPTColor.h; sourceTree = "<group>"; };
		1699181A18DECA2B0045F367 /* CPTColorSpace.h */ = {isa = PBXFileReference; fileEncoding = 4; lastKnownFileType = sourcecode.c.h; path = CPTColorSpace.h; sourceTree = "<group>"; };
		1699181B18DECA2B0045F367 /* CPTConstraints.h */ = {isa = PBXFileReference; fileEncoding = 4; lastKnownFileType = sourcecode.c.h; path = CPTConstraints.h; sourceTree = "<group>"; };
		1699181C18DECA2B0045F367 /* CPTDataSourceTestCase.h */ = {isa = PBXFileReference; fileEncoding = 4; lastKnownFileType = sourcecode.c.h; path = CPTDataSourceTestCase.h; sourceTree = "<group>"; };
		1699181D18DECA2B0045F367 /* CPTDefinitions.h */ = {isa = PBXFileReference; fileEncoding = 4; lastKnownFileType = sourcecode.c.h; path = CPTDefinitions.h; sourceTree = "<group>"; };
		1699181E18DECA2B0045F367 /* CPTDerivedXYGraph.h */ = {isa = PBXFileReference; fileEncoding = 4; lastKnownFileType = sourcecode.c.h; path = CPTDerivedXYGraph.h; sourceTree = "<group>"; };
		1699181F18DECA2B0045F367 /* CPTExceptions.h */ = {isa = PBXFileReference; fileEncoding = 4; lastKnownFileType = sourcecode.c.h; path = CPTExceptions.h; sourceTree = "<group>"; };
		1699182018DECA2B0045F367 /* CPTFill.h */ = {isa = PBXFileReference; fileEncoding = 4; lastKnownFileType = sourcecode.c.h; path = CPTFill.h; sourceTree = "<group>"; };
		1699182118DECA2B0045F367 /* CPTFunctionDataSource.h */ = {isa = PBXFileReference; fileEncoding = 4; lastKnownFileType = sourcecode.c.h; path = CPTFunctionDataSource.h; sourceTree = "<group>"; };
		1699182218DECA2B0045F367 /* CPTGradient.h */ = {isa = PBXFileReference; fileEncoding = 4; lastKnownFileType = sourcecode.c.h; path = CPTGradient.h; sourceTree = "<group>"; };
		1699182318DECA2B0045F367 /* CPTGraph.h */ = {isa = PBXFileReference; fileEncoding = 4; lastKnownFileType = sourcecode.c.h; path = CPTGraph.h; sourceTree = "<group>"; };
		1699182418DECA2B0045F367 /* CPTGraphHostingView.h */ = {isa = PBXFileReference; fileEncoding = 4; lastKnownFileType = sourcecode.c.h; path = CPTGraphHostingView.h; sourceTree = "<group>"; };
		1699182518DECA2B0045F367 /* CPTGridLineGroup.h */ = {isa = PBXFileReference; fileEncoding = 4; lastKnownFileType = sourcecode.c.h; path = CPTGridLineGroup.h; sourceTree = "<group>"; };
		1699182618DECA2B0045F367 /* CPTGridLines.h */ = {isa = PBXFileReference; fileEncoding = 4; lastKnownFileType = sourcecode.c.h; path = CPTGridLines.h; sourceTree = "<group>"; };
		1699182718DECA2B0045F367 /* CPTImage.h */ = {isa = PBXFileReference; fileEncoding = 4; lastKnownFileType = sourcecode.c.h; path = CPTImage.h; sourceTree = "<group>"; };
		1699182818DECA2B0045F367 /* CPTLayer.h */ = {isa = PBXFileReference; fileEncoding = 4; lastKnownFileType = sourcecode.c.h; path = CPTLayer.h; sourceTree = "<group>"; };
		1699182918DECA2B0045F367 /* CPTLayerAnnotation.h */ = {isa = PBXFileReference; fileEncoding = 4; lastKnownFileType = sourcecode.c.h; path = CPTLayerAnnotation.h; sourceTree = "<group>"; };
		1699182A18DECA2B0045F367 /* CPTLegend.h */ = {isa = PBXFileReference; fileEncoding = 4; lastKnownFileType = sourcecode.c.h; path = CPTLegend.h; sourceTree = "<group>"; };
		1699182B18DECA2B0045F367 /* CPTLegendEntry.h */ = {isa = PBXFileReference; fileEncoding = 4; lastKnownFileType = sourcecode.c.h; path = CPTLegendEntry.h; sourceTree = "<group>"; };
		1699182C18DECA2B0045F367 /* CPTLimitBand.h */ = {isa = PBXFileReference; fileEncoding = 4; lastKnownFileType = sourcecode.c.h; path = CPTLimitBand.h; sourceTree = "<group>"; };
		1699182D18DECA2B0045F367 /* CPTLineCap.h */ = {isa = PBXFileReference; fileEncoding = 4; lastKnownFileType = sourcecode.c.h; path = CPTLineCap.h; sourceTree = "<group>"; };
		1699182E18DECA2B0045F367 /* CPTLineStyle.h */ = {isa = PBXFileReference; fileEncoding = 4; lastKnownFileType = sourcecode.c.h; path = CPTLineStyle.h; sourceTree = "<group>"; };
		1699182F18DECA2B0045F367 /* CPTMutableLineStyle.h */ = {isa = PBXFileReference; fileEncoding = 4; lastKnownFileType = sourcecode.c.h; path = CPTMutableLineStyle.h; sourceTree = "<group>"; };
		1699183018DECA2B0045F367 /* CPTMutableNumericData+TypeConversion.h */ = {isa = PBXFileReference; fileEncoding = 4; lastKnownFileType = sourcecode.c.h; path = "CPTMutableNumericData+TypeConversion.h"; sourceTree = "<group>"; };
		1699183118DECA2B0045F367 /* CPTMutableNumericData.h */ = {isa = PBXFileReference; fileEncoding = 4; lastKnownFileType = sourcecode.c.h; path = CPTMutableNumericData.h; sourceTree = "<group>"; };
		1699183218DECA2B0045F367 /* CPTMutablePlotRange.h */ = {isa = PBXFileReference; fileEncoding = 4; lastKnownFileType = sourcecode.c.h; path = CPTMutablePlotRange.h; sourceTree = "<group>"; };
		1699183318DECA2B0045F367 /* CPTMutableShadow.h */ = {isa = PBXFileReference; fileEncoding = 4; lastKnownFileType = sourcecode.c.h; path = CPTMutableShadow.h; sourceTree = "<group>"; };
		1699183418DECA2B0045F367 /* CPTMutableTextStyle.h */ = {isa = PBXFileReference; fileEncoding = 4; lastKnownFileType = sourcecode.c.h; path = CPTMutableTextStyle.h; sourceTree = "<group>"; };
		1699183518DECA2B0045F367 /* CPTNumericData+TypeConversion.h */ = {isa = PBXFileReference; fileEncoding = 4; lastKnownFileType = sourcecode.c.h; path = "CPTNumericData+TypeConversion.h"; sourceTree = "<group>"; };
		1699183618DECA2B0045F367 /* CPTNumericData.h */ = {isa = PBXFileReference; fileEncoding = 4; lastKnownFileType = sourcecode.c.h; path = CPTNumericData.h; sourceTree = "<group>"; };
		1699183718DECA2B0045F367 /* CPTNumericDataType.h */ = {isa = PBXFileReference; fileEncoding = 4; lastKnownFileType = sourcecode.c.h; path = CPTNumericDataType.h; sourceTree = "<group>"; };
		1699183818DECA2B0045F367 /* CPTPathExtensions.h */ = {isa = PBXFileReference; fileEncoding = 4; lastKnownFileType = sourcecode.c.h; path = CPTPathExtensions.h; sourceTree = "<group>"; };
		1699183918DECA2B0045F367 /* CPTPieChart.h */ = {isa = PBXFileReference; fileEncoding = 4; lastKnownFileType = sourcecode.c.h; path = CPTPieChart.h; sourceTree = "<group>"; };
		1699183A18DECA2B0045F367 /* CPTPlatformSpecificCategories.h */ = {isa = PBXFileReference; fileEncoding = 4; lastKnownFileType = sourcecode.c.h; path = CPTPlatformSpecificCategories.h; sourceTree = "<group>"; };
		1699183B18DECA2B0045F367 /* CPTPlatformSpecificDefines.h */ = {isa = PBXFileReference; fileEncoding = 4; lastKnownFileType = sourcecode.c.h; path = CPTPlatformSpecificDefines.h; sourceTree = "<group>"; };
		1699183C18DECA2B0045F367 /* CPTPlatformSpecificFunctions.h */ = {isa = PBXFileReference; fileEncoding = 4; lastKnownFileType = sourcecode.c.h; path = CPTPlatformSpecificFunctions.h; sourceTree = "<group>"; };
		1699183D18DECA2B0045F367 /* CPTPlot.h */ = {isa = PBXFileReference; fileEncoding = 4; lastKnownFileType = sourcecode.c.h; path = CPTPlot.h; sourceTree = "<group>"; };
		1699183E18DECA2B0045F367 /* CPTPlotArea.h */ = {isa = PBXFileReference; fileEncoding = 4; lastKnownFileType = sourcecode.c.h; path = CPTPlotArea.h; sourceTree = "<group>"; };
		1699183F18DECA2B0045F367 /* CPTPlotAreaFrame.h */ = {isa = PBXFileReference; fileEncoding = 4; lastKnownFileType = sourcecode.c.h; path = CPTPlotAreaFrame.h; sourceTree = "<group>"; };
		1699184018DECA2B0045F367 /* CPTPlotGroup.h */ = {isa = PBXFileReference; fileEncoding = 4; lastKnownFileType = sourcecode.c.h; path = CPTPlotGroup.h; sourceTree = "<group>"; };
		1699184118DECA2B0045F367 /* CPTPlotRange.h */ = {isa = PBXFileReference; fileEncoding = 4; lastKnownFileType = sourcecode.c.h; path = CPTPlotRange.h; sourceTree = "<group>"; };
		1699184218DECA2B0045F367 /* CPTPlotSpace.h */ = {isa = PBXFileReference; fileEncoding = 4; lastKnownFileType = sourcecode.c.h; path = CPTPlotSpace.h; sourceTree = "<group>"; };
		1699184318DECA2B0045F367 /* CPTPlotSpaceAnnotation.h */ = {isa = PBXFileReference; fileEncoding = 4; lastKnownFileType = sourcecode.c.h; path = CPTPlotSpaceAnnotation.h; sourceTree = "<group>"; };
		1699184418DECA2B0045F367 /* CPTPlotSymbol.h */ = {isa = PBXFileReference; fileEncoding = 4; lastKnownFileType = sourcecode.c.h; path = CPTPlotSymbol.h; sourceTree = "<group>"; };
		1699184518DECA2B0045F367 /* CPTRangePlot.h */ = {isa = PBXFileReference; fileEncoding = 4; lastKnownFileType = sourcecode.c.h; path = CPTRangePlot.h; sourceTree = "<group>"; };
		1699184618DECA2B0045F367 /* CPTResponder.h */ = {isa = PBXFileReference; fileEncoding = 4; lastKnownFileType = sourcecode.c.h; path = CPTResponder.h; sourceTree = "<group>"; };
		1699184718DECA2B0045F367 /* CPTScatterPlot.h */ = {isa = PBXFileReference; fileEncoding = 4; lastKnownFileType = sourcecode.c.h; path = CPTScatterPlot.h; sourceTree = "<group>"; };
		1699184818DECA2B0045F367 /* CPTShadow.h */ = {isa = PBXFileReference; fileEncoding = 4; lastKnownFileType = sourcecode.c.h; path = CPTShadow.h; sourceTree = "<group>"; };
		1699184918DECA2B0045F367 /* CPTTestCase.h */ = {isa = PBXFileReference; fileEncoding = 4; lastKnownFileType = sourcecode.c.h; path = CPTTestCase.h; sourceTree = "<group>"; };
		1699184A18DECA2B0045F367 /* CPTTextLayer.h */ = {isa = PBXFileReference; fileEncoding = 4; lastKnownFileType = sourcecode.c.h; path = CPTTextLayer.h; sourceTree = "<group>"; };
		1699184B18DECA2B0045F367 /* CPTTextStyle.h */ = {isa = PBXFileReference; fileEncoding = 4; lastKnownFileType = sourcecode.c.h; path = CPTTextStyle.h; sourceTree = "<group>"; };
		1699184C18DECA2B0045F367 /* CPTTextStylePlatformSpecific.h */ = {isa = PBXFileReference; fileEncoding = 4; lastKnownFileType = sourcecode.c.h; path = CPTTextStylePlatformSpecific.h; sourceTree = "<group>"; };
		1699184D18DECA2B0045F367 /* CPTTheme.h */ = {isa = PBXFileReference; fileEncoding = 4; lastKnownFileType = sourcecode.c.h; path = CPTTheme.h; sourceTree = "<group>"; };
		1699184E18DECA2B0045F367 /* CPTTimeFormatter.h */ = {isa = PBXFileReference; fileEncoding = 4; lastKnownFileType = sourcecode.c.h; path = CPTTimeFormatter.h; sourceTree = "<group>"; };
		1699184F18DECA2B0045F367 /* CPTTradingRangePlot.h */ = {isa = PBXFileReference; fileEncoding = 4; lastKnownFileType = sourcecode.c.h; path = CPTTradingRangePlot.h; sourceTree = "<group>"; };
		1699185018DECA2B0045F367 /* CPTUtilities.h */ = {isa = PBXFileReference; fileEncoding = 4; lastKnownFileType = sourcecode.c.h; path = CPTUtilities.h; sourceTree = "<group>"; };
		1699185118DECA2B0045F367 /* CPTXYAxis.h */ = {isa = PBXFileReference; fileEncoding = 4; lastKnownFileType = sourcecode.c.h; path = CPTXYAxis.h; sourceTree = "<group>"; };
		1699185218DECA2B0045F367 /* CPTXYAxisSet.h */ = {isa = PBXFileReference; fileEncoding = 4; lastKnownFileType = sourcecode.c.h; path = CPTXYAxisSet.h; sourceTree = "<group>"; };
		1699185318DECA2B0045F367 /* CPTXYGraph.h */ = {isa = PBXFileReference; fileEncoding = 4; lastKnownFileType = sourcecode.c.h; path = CPTXYGraph.h; sourceTree = "<group>"; };
		1699185418DECA2B0045F367 /* CPTXYPlotSpace.h */ = {isa = PBXFileReference; fileEncoding = 4; lastKnownFileType = sourcecode.c.h; path = CPTXYPlotSpace.h; sourceTree = "<group>"; };
		1699185518DECA2B0045F367 /* mainpage.h */ = {isa = PBXFileReference; fileEncoding = 4; lastKnownFileType = sourcecode.c.h; path = mainpage.h; sourceTree = "<group>"; };
		1699185618DECA2B0045F367 /* NSCoderExtensions.h */ = {isa = PBXFileReference; fileEncoding = 4; lastKnownFileType = sourcecode.c.h; path = NSCoderExtensions.h; sourceTree = "<group>"; };
		1699185718DECA2B0045F367 /* NSDecimalNumberExtensions.h */ = {isa = PBXFileReference; fileEncoding = 4; lastKnownFileType = sourcecode.c.h; path = NSDecimalNumberExtensions.h; sourceTree = "<group>"; };
		1699185818DECA2B0045F367 /* NSNumberExtensions.h */ = {isa = PBXFileReference; fileEncoding = 4; lastKnownFileType = sourcecode.c.h; path = NSNumberExtensions.h; sourceTree = "<group>"; };
		1699185918DECA2B0045F367 /* libCorePlot-CocoaTouch.a */ = {isa = PBXFileReference; lastKnownFileType = archive.ar; path = "libCorePlot-CocoaTouch.a"; sourceTree = "<group>"; };
		1699185D18DECB700045F367 /* QuartzCore.framework */ = {isa = PBXFileReference; lastKnownFileType = wrapper.framework; name = QuartzCore.framework; path = System/Library/Frameworks/QuartzCore.framework; sourceTree = SDKROOT; };
		169918A318DFCF770045F367 /* ScatterPlotGraph.h */ = {isa = PBXFileReference; fileEncoding = 4; lastKnownFileType = sourcecode.c.h; path = ScatterPlotGraph.h; sourceTree = "<group>"; };
		169918A418DFCF770045F367 /* ScatterPlotGraph.m */ = {isa = PBXFileReference; fileEncoding = 4; lastKnownFileType = sourcecode.c.objc; path = ScatterPlotGraph.m; sourceTree = "<group>"; };
		169918A618DFD4330045F367 /* BarGraph.h */ = {isa = PBXFileReference; fileEncoding = 4; lastKnownFileType = sourcecode.c.h; path = BarGraph.h; sourceTree = "<group>"; };
		169918A718DFD4330045F367 /* BarGraph.m */ = {isa = PBXFileReference; fileEncoding = 4; lastKnownFileType = sourcecode.c.objc; path = BarGraph.m; sourceTree = "<group>"; };
		169918A918DFD4450045F367 /* PieGraph.h */ = {isa = PBXFileReference; fileEncoding = 4; lastKnownFileType = sourcecode.c.h; path = PieGraph.h; sourceTree = "<group>"; };
		169918AA18DFD4450045F367 /* PieGraph.m */ = {isa = PBXFileReference; fileEncoding = 4; lastKnownFileType = sourcecode.c.objc; path = PieGraph.m; sourceTree = "<group>"; };
		16C629D518DBE99A0068C306 /* Grapher.app */ = {isa = PBXFileReference; explicitFileType = wrapper.application; includeInIndex = 0; path = Grapher.app; sourceTree = BUILT_PRODUCTS_DIR; };
		16C629D818DBE99A0068C306 /* Foundation.framework */ = {isa = PBXFileReference; lastKnownFileType = wrapper.framework; name = Foundation.framework; path = System/Library/Frameworks/Foundation.framework; sourceTree = SDKROOT; };
		16C629DA18DBE99A0068C306 /* CoreGraphics.framework */ = {isa = PBXFileReference; lastKnownFileType = wrapper.framework; name = CoreGraphics.framework; path = System/Library/Frameworks/CoreGraphics.framework; sourceTree = SDKROOT; };
		16C629DC18DBE99A0068C306 /* UIKit.framework */ = {isa = PBXFileReference; lastKnownFileType = wrapper.framework; name = UIKit.framework; path = System/Library/Frameworks/UIKit.framework; sourceTree = SDKROOT; };
		16C629E018DBE99A0068C306 /* Grapher-Info.plist */ = {isa = PBXFileReference; lastKnownFileType = text.plist.xml; path = "Grapher-Info.plist"; sourceTree = "<group>"; };
		16C629E218DBE99A0068C306 /* en */ = {isa = PBXFileReference; lastKnownFileType = text.plist.strings; name = en; path = en.lproj/InfoPlist.strings; sourceTree = "<group>"; };
		16C629E418DBE99A0068C306 /* main.m */ = {isa = PBXFileReference; lastKnownFileType = sourcecode.c.objc; path = main.m; sourceTree = "<group>"; };
		16C629E618DBE99A0068C306 /* Grapher-Prefix.pch */ = {isa = PBXFileReference; lastKnownFileType = sourcecode.c.h; path = "Grapher-Prefix.pch"; sourceTree = "<group>"; };
		16C629E718DBE99A0068C306 /* AppDelegate.h */ = {isa = PBXFileReference; lastKnownFileType = sourcecode.c.h; path = AppDelegate.h; sourceTree = "<group>"; };
		16C629E818DBE99A0068C306 /* AppDelegate.m */ = {isa = PBXFileReference; lastKnownFileType = sourcecode.c.objc; path = AppDelegate.m; sourceTree = "<group>"; };
		16C629EB18DBE99A0068C306 /* Base */ = {isa = PBXFileReference; lastKnownFileType = file.storyboard; name = Base; path = Base.lproj/Main.storyboard; sourceTree = "<group>"; };
		16C629F018DBE99B0068C306 /* Images.xcassets */ = {isa = PBXFileReference; lastKnownFileType = folder.assetcatalog; path = Images.xcassets; sourceTree = "<group>"; };
		16C629F618DBE99B0068C306 /* GrapherTests.xctest */ = {isa = PBXFileReference; explicitFileType = wrapper.cfbundle; includeInIndex = 0; path = GrapherTests.xctest; sourceTree = BUILT_PRODUCTS_DIR; };
		16C629F718DBE99B0068C306 /* XCTest.framework */ = {isa = PBXFileReference; lastKnownFileType = wrapper.framework; name = XCTest.framework; path = Library/Frameworks/XCTest.framework; sourceTree = DEVELOPER_DIR; };
		16C629FF18DBE99B0068C306 /* GrapherTests-Info.plist */ = {isa = PBXFileReference; lastKnownFileType = text.plist.xml; path = "GrapherTests-Info.plist"; sourceTree = "<group>"; };
		16C62A0118DBE99B0068C306 /* en */ = {isa = PBXFileReference; lastKnownFileType = text.plist.strings; name = en; path = en.lproj/InfoPlist.strings; sourceTree = "<group>"; };
		16C62A0318DBE99B0068C306 /* GrapherTests.m */ = {isa = PBXFileReference; lastKnownFileType = sourcecode.c.objc; path = GrapherTests.m; sourceTree = "<group>"; };
/* End PBXFileReference section */

/* Begin PBXFrameworksBuildPhase section */
		16C629D218DBE99A0068C306 /* Frameworks */ = {
			isa = PBXFrameworksBuildPhase;
			buildActionMask = 2147483647;
			files = (
				16271CF818EFEB9A00F46630 /* OpenAL.framework in Frameworks */,
				164D46C118E233B300B3E28E /* AVFoundation.framework in Frameworks */,
				1632117118DFF25D00FA527C /* AudioToolbox.framework in Frameworks */,
				1632116F18DFF24C00FA527C /* Accelerate.framework in Frameworks */,
				1699185E18DECB700045F367 /* QuartzCore.framework in Frameworks */,
				169917F018DD7B380045F367 /* DBChooser.framework in Frameworks */,
				16C629DB18DBE99A0068C306 /* CoreGraphics.framework in Frameworks */,
				16C629DD18DBE99A0068C306 /* UIKit.framework in Frameworks */,
				16C629D918DBE99A0068C306 /* Foundation.framework in Frameworks */,
				1699185A18DECA2B0045F367 /* libCorePlot-CocoaTouch.a in Frameworks */,
			);
			runOnlyForDeploymentPostprocessing = 0;
		};
		16C629F318DBE99B0068C306 /* Frameworks */ = {
			isa = PBXFrameworksBuildPhase;
			buildActionMask = 2147483647;
			files = (
				16C629F818DBE99B0068C306 /* XCTest.framework in Frameworks */,
				16C629FA18DBE99B0068C306 /* UIKit.framework in Frameworks */,
				16C629F918DBE99B0068C306 /* Foundation.framework in Frameworks */,
			);
			runOnlyForDeploymentPostprocessing = 0;
		};
/* End PBXFrameworksBuildPhase section */

/* Begin PBXGroup section */
		16271CF918EFEBFB00F46630 /* Sounds */ = {
			isa = PBXGroup;
			children = (
				16271CFA18EFEBFB00F46630 /* P200 Piano A#2.caf */,
				16271CFB18EFEBFB00F46630 /* P200 Piano A#3.caf */,
				16271CFC18EFEBFB00F46630 /* P200 Piano A#4.caf */,
				16271CFD18EFEBFB00F46630 /* P200 Piano A#5.caf */,
				16271CFE18EFEBFB00F46630 /* P200 Piano A#7.caf */,
				16271CFF18EFEBFB00F46630 /* P200 Piano C10.caf */,
				16271D0018EFEBFB00F46630 /* P200 Piano C7.caf */,
				16271D0118EFEBFB00F46630 /* P200 Piano D#8.caf */,
				16271D0218EFEBFB00F46630 /* P200 Piano D2.caf */,
				16271D0318EFEBFB00F46630 /* P200 Piano D3.caf */,
				16271D0418EFEBFB00F46630 /* P200 Piano D4.caf */,
				16271D0518EFEBFB00F46630 /* P200 Piano D5.caf */,
				16271D0618EFEBFB00F46630 /* P200 Piano D6.caf */,
				16271D0718EFEBFB00F46630 /* P200 Piano F#2.caf */,
				16271D0818EFEBFB00F46630 /* P200 Piano F#3.caf */,
				16271D0918EFEBFB00F46630 /* P200 Piano F#4.caf */,
				16271D0A18EFEBFB00F46630 /* P200 Piano F#5.caf */,
				16271D0B18EFEBFB00F46630 /* P200 Piano F#6.caf */,
				16271D0C18EFEBFB00F46630 /* P200 Piano F#7.caf */,
				16271D0D18EFEBFB00F46630 /* P200 Piano G#9.caf */,
				16271D0E18EFEBFB00F46630 /* Piano.plist */,
			);
			path = Sounds;
			sourceTree = "<group>";
		};
		1632117A18DFF2A200FA527C /* Audio */ = {
			isa = PBXGroup;
			children = (
			);
			name = Audio;
			path = "../Common Files";
			sourceTree = "<group>";
		};
		169917F618DD81890045F367 /* csvParser */ = {
			isa = PBXGroup;
			children = (
				169917F318DD81830045F367 /* CHCSVParser.h */,
				169917F418DD81830045F367 /* CHCSVParser.m */,
			);
			name = csvParser;
			sourceTree = "<group>";
		};
		169917F918DE04950045F367 /* Testing */ = {
			isa = PBXGroup;
			children = (
				169917FA18DEB1920045F367 /* TestParabola.csv */,
			);
			name = Testing;
			sourceTree = "<group>";
		};
		169917FF18DEC5F40045F367 /* Plotting */ = {
			isa = PBXGroup;
			children = (
				1699180018DEC6090045F367 /* 2d */,
			);
			name = Plotting;
			sourceTree = "<group>";
		};
		1699180018DEC6090045F367 /* 2d */ = {
			isa = PBXGroup;
			children = (
				1699180A18DECA2B0045F367 /* CorePlotHeaders */,
				1699185918DECA2B0045F367 /* libCorePlot-CocoaTouch.a */,
			);
			name = 2d;
			sourceTree = "<group>";
		};
		1699180A18DECA2B0045F367 /* CorePlotHeaders */ = {
			isa = PBXGroup;
			children = (
				1699180B18DECA2B0045F367 /* CorePlot-CocoaTouch.h */,
				1699180C18DECA2B0045F367 /* CPTAnimation.h */,
				1699180D18DECA2B0045F367 /* CPTAnimationOperation.h */,
				1699180E18DECA2B0045F367 /* CPTAnimationPeriod.h */,
				1699180F18DECA2B0045F367 /* CPTAnnotation.h */,
				1699181018DECA2B0045F367 /* CPTAnnotationHostLayer.h */,
				1699181118DECA2B0045F367 /* CPTAxis.h */,
				1699181218DECA2B0045F367 /* CPTAxisLabel.h */,
				1699181318DECA2B0045F367 /* CPTAxisLabelGroup.h */,
				1699181418DECA2B0045F367 /* CPTAxisSet.h */,
				1699181518DECA2B0045F367 /* CPTAxisTitle.h */,
				1699181618DECA2B0045F367 /* CPTBarPlot.h */,
				1699181718DECA2B0045F367 /* CPTBorderedLayer.h */,
				1699181818DECA2B0045F367 /* CPTCalendarFormatter.h */,
				1699181918DECA2B0045F367 /* CPTColor.h */,
				1699181A18DECA2B0045F367 /* CPTColorSpace.h */,
				1699181B18DECA2B0045F367 /* CPTConstraints.h */,
				1699181C18DECA2B0045F367 /* CPTDataSourceTestCase.h */,
				1699181D18DECA2B0045F367 /* CPTDefinitions.h */,
				1699181E18DECA2B0045F367 /* CPTDerivedXYGraph.h */,
				1699181F18DECA2B0045F367 /* CPTExceptions.h */,
				1699182018DECA2B0045F367 /* CPTFill.h */,
				1699182118DECA2B0045F367 /* CPTFunctionDataSource.h */,
				1699182218DECA2B0045F367 /* CPTGradient.h */,
				1699182318DECA2B0045F367 /* CPTGraph.h */,
				1699182418DECA2B0045F367 /* CPTGraphHostingView.h */,
				1699182518DECA2B0045F367 /* CPTGridLineGroup.h */,
				1699182618DECA2B0045F367 /* CPTGridLines.h */,
				1699182718DECA2B0045F367 /* CPTImage.h */,
				1699182818DECA2B0045F367 /* CPTLayer.h */,
				1699182918DECA2B0045F367 /* CPTLayerAnnotation.h */,
				1699182A18DECA2B0045F367 /* CPTLegend.h */,
				1699182B18DECA2B0045F367 /* CPTLegendEntry.h */,
				1699182C18DECA2B0045F367 /* CPTLimitBand.h */,
				1699182D18DECA2B0045F367 /* CPTLineCap.h */,
				1699182E18DECA2B0045F367 /* CPTLineStyle.h */,
				1699182F18DECA2B0045F367 /* CPTMutableLineStyle.h */,
				1699183018DECA2B0045F367 /* CPTMutableNumericData+TypeConversion.h */,
				1699183118DECA2B0045F367 /* CPTMutableNumericData.h */,
				1699183218DECA2B0045F367 /* CPTMutablePlotRange.h */,
				1699183318DECA2B0045F367 /* CPTMutableShadow.h */,
				1699183418DECA2B0045F367 /* CPTMutableTextStyle.h */,
				1699183518DECA2B0045F367 /* CPTNumericData+TypeConversion.h */,
				1699183618DECA2B0045F367 /* CPTNumericData.h */,
				1699183718DECA2B0045F367 /* CPTNumericDataType.h */,
				1699183818DECA2B0045F367 /* CPTPathExtensions.h */,
				1699183918DECA2B0045F367 /* CPTPieChart.h */,
				1699183A18DECA2B0045F367 /* CPTPlatformSpecificCategories.h */,
				1699183B18DECA2B0045F367 /* CPTPlatformSpecificDefines.h */,
				1699183C18DECA2B0045F367 /* CPTPlatformSpecificFunctions.h */,
				1699183D18DECA2B0045F367 /* CPTPlot.h */,
				1699183E18DECA2B0045F367 /* CPTPlotArea.h */,
				1699183F18DECA2B0045F367 /* CPTPlotAreaFrame.h */,
				1699184018DECA2B0045F367 /* CPTPlotGroup.h */,
				1699184118DECA2B0045F367 /* CPTPlotRange.h */,
				1699184218DECA2B0045F367 /* CPTPlotSpace.h */,
				1699184318DECA2B0045F367 /* CPTPlotSpaceAnnotation.h */,
				1699184418DECA2B0045F367 /* CPTPlotSymbol.h */,
				1699184518DECA2B0045F367 /* CPTRangePlot.h */,
				1699184618DECA2B0045F367 /* CPTResponder.h */,
				1699184718DECA2B0045F367 /* CPTScatterPlot.h */,
				1699184818DECA2B0045F367 /* CPTShadow.h */,
				1699184918DECA2B0045F367 /* CPTTestCase.h */,
				1699184A18DECA2B0045F367 /* CPTTextLayer.h */,
				1699184B18DECA2B0045F367 /* CPTTextStyle.h */,
				1699184C18DECA2B0045F367 /* CPTTextStylePlatformSpecific.h */,
				1699184D18DECA2B0045F367 /* CPTTheme.h */,
				1699184E18DECA2B0045F367 /* CPTTimeFormatter.h */,
				1699184F18DECA2B0045F367 /* CPTTradingRangePlot.h */,
				1699185018DECA2B0045F367 /* CPTUtilities.h */,
				1699185118DECA2B0045F367 /* CPTXYAxis.h */,
				1699185218DECA2B0045F367 /* CPTXYAxisSet.h */,
				1699185318DECA2B0045F367 /* CPTXYGraph.h */,
				1699185418DECA2B0045F367 /* CPTXYPlotSpace.h */,
				1699185518DECA2B0045F367 /* mainpage.h */,
				1699185618DECA2B0045F367 /* NSCoderExtensions.h */,
				1699185718DECA2B0045F367 /* NSDecimalNumberExtensions.h */,
				1699185818DECA2B0045F367 /* NSNumberExtensions.h */,
			);
			path = CorePlotHeaders;
			sourceTree = "<group>";
		};
		169918A218DFCEB30045F367 /* 2d_graphs */ = {
			isa = PBXGroup;
			children = (
				169918A318DFCF770045F367 /* ScatterPlotGraph.h */,
				169918A418DFCF770045F367 /* ScatterPlotGraph.m */,
				169918A618DFD4330045F367 /* BarGraph.h */,
				169918A718DFD4330045F367 /* BarGraph.m */,
				169918A918DFD4450045F367 /* PieGraph.h */,
				169918AA18DFD4450045F367 /* PieGraph.m */,
			);
			name = 2d_graphs;
			sourceTree = "<group>";
		};
		16C629CC18DBE99A0068C306 = {
			isa = PBXGroup;
			children = (
				16271CF118EFE87700F46630 /* OpenALSupport.c */,
				16271CF218EFE87700F46630 /* OpenALSupport.h */,
				16271CF318EFE87700F46630 /* SoundBankPlayer.h */,
				16271CF418EFE87700F46630 /* SoundBankPlayer.m */,
				16271CF918EFEBFB00F46630 /* Sounds */,
				16C629DE18DBE99A0068C306 /* Grapher */,
				16C629FD18DBE99B0068C306 /* GrapherTests */,
				16C629D718DBE99A0068C306 /* Frameworks */,
				16C629D618DBE99A0068C306 /* Products */,
				1610CBB918F0A07D00093FAB /* dropboxImage.png */,
			);
			sourceTree = "<group>";
		};
		16C629D618DBE99A0068C306 /* Products */ = {
			isa = PBXGroup;
			children = (
				16C629D518DBE99A0068C306 /* Grapher.app */,
				16C629F618DBE99B0068C306 /* GrapherTests.xctest */,
			);
			name = Products;
			sourceTree = "<group>";
		};
		16C629D718DBE99A0068C306 /* Frameworks */ = {
			isa = PBXGroup;
			children = (
				16271CF718EFEB9A00F46630 /* OpenAL.framework */,
				1632117818DFF28A00FA527C /* MediaPlayer.framework */,
				1632117618DFF28300FA527C /* CoreMedia.framework */,
				1632117418DFF27A00FA527C /* AVFoundation.framework */,
				1632117218DFF26B00FA527C /* CoreAudio.framework */,
				1632117018DFF25D00FA527C /* AudioToolbox.framework */,
				1632116E18DFF24C00FA527C /* Accelerate.framework */,
				1699185D18DECB700045F367 /* QuartzCore.framework */,
				169917F118DD7B560045F367 /* DBChooser.bundle */,
				169917EF18DD7B380045F367 /* DBChooser.framework */,
				16C629D818DBE99A0068C306 /* Foundation.framework */,
				16C629DA18DBE99A0068C306 /* CoreGraphics.framework */,
				16C629DC18DBE99A0068C306 /* UIKit.framework */,
				16C629F718DBE99B0068C306 /* XCTest.framework */,
			);
			name = Frameworks;
			sourceTree = "<group>";
		};
		16C629DE18DBE99A0068C306 /* Grapher */ = {
			isa = PBXGroup;
			children = (
				16C629E718DBE99A0068C306 /* AppDelegate.h */,
				16C629E818DBE99A0068C306 /* AppDelegate.m */,
				16C62A0D18DBE9B30068C306 /* Storyboard */,
				1632116B18DFEBBD00FA527C /* DropBoxController.h */,
				1632116C18DFEBBD00FA527C /* DropBoxController.m */,
				1658C00918E3867E0046E358 /* DropBoxSaveGraphController.h */,
				1658C00A18E3867E0046E358 /* DropBoxSaveGraphController.m */,
				169917FC18DEB5080045F367 /* GraphViewController.h */,
				169917FD18DEB5080045F367 /* GraphViewController.m */,
				1675AE0E18EDECEC0023D7B8 /* VoiceOverHelper.h */,
				1675AE0F18EDECEC0023D7B8 /* VoiceOverHelper.m */,
				169918A218DFCEB30045F367 /* 2d_graphs */,
				1632117A18DFF2A200FA527C /* Audio */,
				169917F618DD81890045F367 /* csvParser */,
				169917FF18DEC5F40045F367 /* Plotting */,
				169917F918DE04950045F367 /* Testing */,
				16C629DF18DBE99A0068C306 /* Supporting Files */,
				16C629F018DBE99B0068C306 /* Images.xcassets */,
			);
			path = Grapher;
			sourceTree = "<group>";
		};
		16C629DF18DBE99A0068C306 /* Supporting Files */ = {
			isa = PBXGroup;
			children = (
				16C629E018DBE99A0068C306 /* Grapher-Info.plist */,
				16C629E118DBE99A0068C306 /* InfoPlist.strings */,
				16C629E418DBE99A0068C306 /* main.m */,
				16C629E618DBE99A0068C306 /* Grapher-Prefix.pch */,
			);
			name = "Supporting Files";
			sourceTree = "<group>";
		};
		16C629FD18DBE99B0068C306 /* GrapherTests */ = {
			isa = PBXGroup;
			children = (
				16C62A0318DBE99B0068C306 /* GrapherTests.m */,
				16C629FE18DBE99B0068C306 /* Supporting Files */,
			);
			path = GrapherTests;
			sourceTree = "<group>";
		};
		16C629FE18DBE99B0068C306 /* Supporting Files */ = {
			isa = PBXGroup;
			children = (
				16C629FF18DBE99B0068C306 /* GrapherTests-Info.plist */,
				16C62A0018DBE99B0068C306 /* InfoPlist.strings */,
			);
			name = "Supporting Files";
			sourceTree = "<group>";
		};
		16C62A0D18DBE9B30068C306 /* Storyboard */ = {
			isa = PBXGroup;
			children = (
				16C629EA18DBE99A0068C306 /* Main.storyboard */,
			);
			name = Storyboard;
			sourceTree = "<group>";
		};
/* End PBXGroup section */

/* Begin PBXNativeTarget section */
		16C629D418DBE99A0068C306 /* Grapher */ = {
			isa = PBXNativeTarget;
			buildConfigurationList = 16C62A0718DBE99B0068C306 /* Build configuration list for PBXNativeTarget "Grapher" */;
			buildPhases = (
				16C629D118DBE99A0068C306 /* Sources */,
				16C629D218DBE99A0068C306 /* Frameworks */,
				16C629D318DBE99A0068C306 /* Resources */,
			);
			buildRules = (
			);
			dependencies = (
			);
			name = Grapher;
			productName = Grapher;
			productReference = 16C629D518DBE99A0068C306 /* Grapher.app */;
			productType = "com.apple.product-type.application";
		};
		16C629F518DBE99B0068C306 /* GrapherTests */ = {
			isa = PBXNativeTarget;
			buildConfigurationList = 16C62A0A18DBE99B0068C306 /* Build configuration list for PBXNativeTarget "GrapherTests" */;
			buildPhases = (
				16C629F218DBE99B0068C306 /* Sources */,
				16C629F318DBE99B0068C306 /* Frameworks */,
				16C629F418DBE99B0068C306 /* Resources */,
			);
			buildRules = (
			);
			dependencies = (
				16C629FC18DBE99B0068C306 /* PBXTargetDependency */,
			);
			name = GrapherTests;
			productName = GrapherTests;
			productReference = 16C629F618DBE99B0068C306 /* GrapherTests.xctest */;
			productType = "com.apple.product-type.bundle.unit-test";
		};
/* End PBXNativeTarget section */

/* Begin PBXProject section */
		16C629CD18DBE99A0068C306 /* Project object */ = {
			isa = PBXProject;
			attributes = {
				LastUpgradeCheck = 0510;
				ORGANIZATIONNAME = "Swarthmore College";
				TargetAttributes = {
					16C629F518DBE99B0068C306 = {
						TestTargetID = 16C629D418DBE99A0068C306;
					};
				};
			};
			buildConfigurationList = 16C629D018DBE99A0068C306 /* Build configuration list for PBXProject "Grapher" */;
			compatibilityVersion = "Xcode 3.2";
			developmentRegion = English;
			hasScannedForEncodings = 0;
			knownRegions = (
				en,
				Base,
			);
			mainGroup = 16C629CC18DBE99A0068C306;
			productRefGroup = 16C629D618DBE99A0068C306 /* Products */;
			projectDirPath = "";
			projectRoot = "";
			targets = (
				16C629D418DBE99A0068C306 /* Grapher */,
				16C629F518DBE99B0068C306 /* GrapherTests */,
			);
		};
/* End PBXProject section */

/* Begin PBXResourcesBuildPhase section */
		16C629D318DBE99A0068C306 /* Resources */ = {
			isa = PBXResourcesBuildPhase;
			buildActionMask = 2147483647;
			files = (
				16271D1E18EFEBFB00F46630 /* P200 Piano F#4.caf in Resources */,
				16271D2318EFEBFB00F46630 /* Piano.plist in Resources */,
				16271D1918EFEBFB00F46630 /* P200 Piano D4.caf in Resources */,
				16271D1F18EFEBFB00F46630 /* P200 Piano F#5.caf in Resources */,
				16271D1518EFEBFB00F46630 /* P200 Piano C7.caf in Resources */,
				16271D1D18EFEBFB00F46630 /* P200 Piano F#3.caf in Resources */,
				16271D0F18EFEBFB00F46630 /* P200 Piano A#2.caf in Resources */,
				16271D1B18EFEBFB00F46630 /* P200 Piano D6.caf in Resources */,
				1610CBBA18F0A07D00093FAB /* dropboxImage.png in Resources */,
				16271D1618EFEBFB00F46630 /* P200 Piano D#8.caf in Resources */,
				16271D1818EFEBFB00F46630 /* P200 Piano D3.caf in Resources */,
				16271D1118EFEBFB00F46630 /* P200 Piano A#4.caf in Resources */,
				169917FB18DEB1930045F367 /* TestParabola.csv in Resources */,
				16271D1C18EFEBFB00F46630 /* P200 Piano F#2.caf in Resources */,
				16271D1318EFEBFB00F46630 /* P200 Piano A#7.caf in Resources */,
				16271D2118EFEBFB00F46630 /* P200 Piano F#7.caf in Resources */,
				16271D1718EFEBFB00F46630 /* P200 Piano D2.caf in Resources */,
				16271D2018EFEBFB00F46630 /* P200 Piano F#6.caf in Resources */,
				16C629F118DBE99B0068C306 /* Images.xcassets in Resources */,
				16271D1418EFEBFB00F46630 /* P200 Piano C10.caf in Resources */,
				16271D1A18EFEBFB00F46630 /* P200 Piano D5.caf in Resources */,
				16271D1218EFEBFB00F46630 /* P200 Piano A#5.caf in Resources */,
				16C629E318DBE99A0068C306 /* InfoPlist.strings in Resources */,
				16271D1018EFEBFB00F46630 /* P200 Piano A#3.caf in Resources */,
				16271D2218EFEBFB00F46630 /* P200 Piano G#9.caf in Resources */,
				16C629EC18DBE99A0068C306 /* Main.storyboard in Resources */,
			);
			runOnlyForDeploymentPostprocessing = 0;
		};
		16C629F418DBE99B0068C306 /* Resources */ = {
			isa = PBXResourcesBuildPhase;
			buildActionMask = 2147483647;
			files = (
				16C62A0218DBE99B0068C306 /* InfoPlist.strings in Resources */,
			);
			runOnlyForDeploymentPostprocessing = 0;
		};
/* End PBXResourcesBuildPhase section */

/* Begin PBXSourcesBuildPhase section */
		16C629D118DBE99A0068C306 /* Sources */ = {
			isa = PBXSourcesBuildPhase;
			buildActionMask = 2147483647;
			files = (
				1658C00B18E3867F0046E358 /* DropBoxSaveGraphController.m in Sources */,
				169918A818DFD4330045F367 /* BarGraph.m in Sources */,
				16C629E918DBE99A0068C306 /* AppDelegate.m in Sources */,
				16271CF518EFE87700F46630 /* OpenALSupport.c in Sources */,
				16C629E518DBE99A0068C306 /* main.m in Sources */,
				169917FE18DEB5080045F367 /* GraphViewController.m in Sources */,
				1632116D18DFEBBD00FA527C /* DropBoxController.m in Sources */,
				16271CF618EFE87700F46630 /* SoundBankPlayer.m in Sources */,
				169918AB18DFD4450045F367 /* PieGraph.m in Sources */,
				169918A518DFCF770045F367 /* ScatterPlotGraph.m in Sources */,
				1675AE1018EDECEC0023D7B8 /* VoiceOverHelper.m in Sources */,
				169917F518DD81830045F367 /* CHCSVParser.m in Sources */,
			);
			runOnlyForDeploymentPostprocessing = 0;
		};
		16C629F218DBE99B0068C306 /* Sources */ = {
			isa = PBXSourcesBuildPhase;
			buildActionMask = 2147483647;
			files = (
				16C62A0418DBE99B0068C306 /* GrapherTests.m in Sources */,
			);
			runOnlyForDeploymentPostprocessing = 0;
		};
/* End PBXSourcesBuildPhase section */

/* Begin PBXTargetDependency section */
		16C629FC18DBE99B0068C306 /* PBXTargetDependency */ = {
			isa = PBXTargetDependency;
			target = 16C629D418DBE99A0068C306 /* Grapher */;
			targetProxy = 16C629FB18DBE99B0068C306 /* PBXContainerItemProxy */;
		};
/* End PBXTargetDependency section */

/* Begin PBXVariantGroup section */
		16C629E118DBE99A0068C306 /* InfoPlist.strings */ = {
			isa = PBXVariantGroup;
			children = (
				16C629E218DBE99A0068C306 /* en */,
			);
			name = InfoPlist.strings;
			sourceTree = "<group>";
		};
		16C629EA18DBE99A0068C306 /* Main.storyboard */ = {
			isa = PBXVariantGroup;
			children = (
				16C629EB18DBE99A0068C306 /* Base */,
			);
			name = Main.storyboard;
			sourceTree = "<group>";
		};
		16C62A0018DBE99B0068C306 /* InfoPlist.strings */ = {
			isa = PBXVariantGroup;
			children = (
				16C62A0118DBE99B0068C306 /* en */,
			);
			name = InfoPlist.strings;
			sourceTree = "<group>";
		};
/* End PBXVariantGroup section */

/* Begin XCBuildConfiguration section */
		16C62A0518DBE99B0068C306 /* Debug */ = {
			isa = XCBuildConfiguration;
			buildSettings = {
				ALWAYS_SEARCH_USER_PATHS = NO;
				CLANG_CXX_LANGUAGE_STANDARD = "gnu++0x";
				CLANG_CXX_LIBRARY = "libc++";
				CLANG_ENABLE_MODULES = YES;
				CLANG_ENABLE_OBJC_ARC = YES;
				CLANG_WARN_BOOL_CONVERSION = YES;
				CLANG_WARN_CONSTANT_CONVERSION = YES;
				CLANG_WARN_DIRECT_OBJC_ISA_USAGE = YES_ERROR;
				CLANG_WARN_EMPTY_BODY = YES;
				CLANG_WARN_ENUM_CONVERSION = YES;
				CLANG_WARN_INT_CONVERSION = YES;
				CLANG_WARN_OBJC_ROOT_CLASS = YES_ERROR;
				CLANG_WARN__DUPLICATE_METHOD_MATCH = YES;
				"CODE_SIGN_IDENTITY[sdk=iphoneos*]" = "iPhone Developer";
				COPY_PHASE_STRIP = NO;
				GCC_C_LANGUAGE_STANDARD = gnu99;
				GCC_DYNAMIC_NO_PIC = NO;
				GCC_OPTIMIZATION_LEVEL = 0;
				GCC_PREPROCESSOR_DEFINITIONS = (
					"DEBUG=1",
					"$(inherited)",
				);
				GCC_SYMBOLS_PRIVATE_EXTERN = NO;
				GCC_WARN_64_TO_32_BIT_CONVERSION = YES;
				GCC_WARN_ABOUT_RETURN_TYPE = YES_ERROR;
				GCC_WARN_UNDECLARED_SELECTOR = YES;
				GCC_WARN_UNINITIALIZED_AUTOS = YES_AGGRESSIVE;
				GCC_WARN_UNUSED_FUNCTION = YES;
				GCC_WARN_UNUSED_VARIABLE = YES;
				IPHONEOS_DEPLOYMENT_TARGET = 7.1;
				ONLY_ACTIVE_ARCH = YES;
				SDKROOT = iphoneos;
				TARGETED_DEVICE_FAMILY = 2;
			};
			name = Debug;
		};
		16C62A0618DBE99B0068C306 /* Release */ = {
			isa = XCBuildConfiguration;
			buildSettings = {
				ALWAYS_SEARCH_USER_PATHS = NO;
				CLANG_CXX_LANGUAGE_STANDARD = "gnu++0x";
				CLANG_CXX_LIBRARY = "libc++";
				CLANG_ENABLE_MODULES = YES;
				CLANG_ENABLE_OBJC_ARC = YES;
				CLANG_WARN_BOOL_CONVERSION = YES;
				CLANG_WARN_CONSTANT_CONVERSION = YES;
				CLANG_WARN_DIRECT_OBJC_ISA_USAGE = YES_ERROR;
				CLANG_WARN_EMPTY_BODY = YES;
				CLANG_WARN_ENUM_CONVERSION = YES;
				CLANG_WARN_INT_CONVERSION = YES;
				CLANG_WARN_OBJC_ROOT_CLASS = YES_ERROR;
				CLANG_WARN__DUPLICATE_METHOD_MATCH = YES;
				"CODE_SIGN_IDENTITY[sdk=iphoneos*]" = "iPhone Developer";
				COPY_PHASE_STRIP = YES;
				ENABLE_NS_ASSERTIONS = NO;
				GCC_C_LANGUAGE_STANDARD = gnu99;
				GCC_WARN_64_TO_32_BIT_CONVERSION = YES;
				GCC_WARN_ABOUT_RETURN_TYPE = YES_ERROR;
				GCC_WARN_UNDECLARED_SELECTOR = YES;
				GCC_WARN_UNINITIALIZED_AUTOS = YES_AGGRESSIVE;
				GCC_WARN_UNUSED_FUNCTION = YES;
				GCC_WARN_UNUSED_VARIABLE = YES;
				IPHONEOS_DEPLOYMENT_TARGET = 7.1;
				SDKROOT = iphoneos;
				TARGETED_DEVICE_FAMILY = 2;
				VALIDATE_PRODUCT = YES;
			};
			name = Release;
		};
		16C62A0818DBE99B0068C306 /* Debug */ = {
			isa = XCBuildConfiguration;
			buildSettings = {
				ASSETCATALOG_COMPILER_APPICON_NAME = AppIcon;
				ASSETCATALOG_COMPILER_LAUNCHIMAGE_NAME = LaunchImage;
				CODE_SIGN_IDENTITY = "iPhone Developer";
				FRAMEWORK_SEARCH_PATHS = (
					"$(inherited)",
					"$(PROJECT_DIR)/Resources",
				);
				GCC_PRECOMPILE_PREFIX_HEADER = YES;
				GCC_PREFIX_HEADER = "Grapher/Grapher-Prefix.pch";
				INFOPLIST_FILE = "Grapher/Grapher-Info.plist";
				LIBRARY_SEARCH_PATHS = (
					"$(inherited)",
					"$(PROJECT_DIR)/Grapher",
				);
				OTHER_LDFLAGS = "-ObjC";
				PRODUCT_NAME = "$(TARGET_NAME)";
				TARGETED_DEVICE_FAMILY = "1,2";
				WRAPPER_EXTENSION = app;
			};
			name = Debug;
		};
		16C62A0918DBE99B0068C306 /* Release */ = {
			isa = XCBuildConfiguration;
			buildSettings = {
				ASSETCATALOG_COMPILER_APPICON_NAME = AppIcon;
				ASSETCATALOG_COMPILER_LAUNCHIMAGE_NAME = LaunchImage;
				CODE_SIGN_IDENTITY = "iPhone Developer";
				FRAMEWORK_SEARCH_PATHS = (
					"$(inherited)",
					"$(PROJECT_DIR)/Resources",
				);
				GCC_PRECOMPILE_PREFIX_HEADER = YES;
				GCC_PREFIX_HEADER = "Grapher/Grapher-Prefix.pch";
				INFOPLIST_FILE = "Grapher/Grapher-Info.plist";
				LIBRARY_SEARCH_PATHS = (
					"$(inherited)",
					"$(PROJECT_DIR)/Grapher",
				);
				OTHER_LDFLAGS = "-ObjC";
				PRODUCT_NAME = "$(TARGET_NAME)";
				TARGETED_DEVICE_FAMILY = "1,2";
				WRAPPER_EXTENSION = app;
			};
			name = Release;
		};
		16C62A0B18DBE99B0068C306 /* Debug */ = {
			isa = XCBuildConfiguration;
			buildSettings = {
				BUNDLE_LOADER = "$(BUILT_PRODUCTS_DIR)/Grapher.app/Grapher";
				FRAMEWORK_SEARCH_PATHS = (
					"$(SDKROOT)/Developer/Library/Frameworks",
					"$(inherited)",
					"$(DEVELOPER_FRAMEWORKS_DIR)",
				);
				GCC_PRECOMPILE_PREFIX_HEADER = YES;
				GCC_PREFIX_HEADER = "Grapher/Grapher-Prefix.pch";
				GCC_PREPROCESSOR_DEFINITIONS = (
					"DEBUG=1",
					"$(inherited)",
				);
				INFOPLIST_FILE = "GrapherTests/GrapherTests-Info.plist";
				PRODUCT_NAME = "$(TARGET_NAME)";
				TEST_HOST = "$(BUNDLE_LOADER)";
				WRAPPER_EXTENSION = xctest;
			};
			name = Debug;
		};
		16C62A0C18DBE99B0068C306 /* Release */ = {
			isa = XCBuildConfiguration;
			buildSettings = {
				BUNDLE_LOADER = "$(BUILT_PRODUCTS_DIR)/Grapher.app/Grapher";
				FRAMEWORK_SEARCH_PATHS = (
					"$(SDKROOT)/Developer/Library/Frameworks",
					"$(inherited)",
					"$(DEVELOPER_FRAMEWORKS_DIR)",
				);
				GCC_PRECOMPILE_PREFIX_HEADER = YES;
				GCC_PREFIX_HEADER = "Grapher/Grapher-Prefix.pch";
				INFOPLIST_FILE = "GrapherTests/GrapherTests-Info.plist";
				PRODUCT_NAME = "$(TARGET_NAME)";
				TEST_HOST = "$(BUNDLE_LOADER)";
				WRAPPER_EXTENSION = xctest;
			};
			name = Release;
		};
/* End XCBuildConfiguration section */

/* Begin XCConfigurationList section */
		16C629D018DBE99A0068C306 /* Build configuration list for PBXProject "Grapher" */ = {
			isa = XCConfigurationList;
			buildConfigurations = (
				16C62A0518DBE99B0068C306 /* Debug */,
				16C62A0618DBE99B0068C306 /* Release */,
			);
			defaultConfigurationIsVisible = 0;
			defaultConfigurationName = Release;
		};
		16C62A0718DBE99B0068C306 /* Build configuration list for PBXNativeTarget "Grapher" */ = {
			isa = XCConfigurationList;
			buildConfigurations = (
				16C62A0818DBE99B0068C306 /* Debug */,
				16C62A0918DBE99B0068C306 /* Release */,
			);
			defaultConfigurationIsVisible = 0;
			defaultConfigurationName = Release;
		};
		16C62A0A18DBE99B0068C306 /* Build configuration list for PBXNativeTarget "GrapherTests" */ = {
			isa = XCConfigurationList;
			buildConfigurations = (
				16C62A0B18DBE99B0068C306 /* Debug */,
				16C62A0C18DBE99B0068C306 /* Release */,
			);
			defaultConfigurationIsVisible = 0;
			defaultConfigurationName = Release;
		};
/* End XCConfigurationList section */
	};
	rootObject = 16C629CD18DBE99A0068C306 /* Project object */;
}
